{
  "requires": true,
  "lockfileVersion": 1,
  "dependencies": {
    "@stomp/stompjs": {
      "version": "6.1.2",
      "resolved": "https://registry.npmjs.org/@stomp/stompjs/-/stompjs-6.1.2.tgz",
      "integrity": "sha512-FHDTrIFM5Ospi4L3Xhj6v2+NzCVAeNDcBe95YjUWhWiRMrBF6uN3I7AUOlRgT6jU/2WQvvYK8ZaIxFfxFp+uHQ=="
    },
    "socketjs-client": {
      "version": "1.0.2",
      "resolved": "https://registry.npmjs.org/socketjs-client/-/socketjs-client-1.0.2.tgz",
      "integrity": "sha512-Os70jwxkpQ4CFqchdlHCLNt+xc+34K5h3INCoI5w04y3mN7UvKDJn4ozXkCQHfeKPuire0SAcyo3YFLr1KgJXw=="
    }
  }
}
